
Microsoft Visual Studio Solution File, Format Version 12.00
# Visual Studio Version 17
VisualStudioVersion = 17.0.31903.59
MinimumVisualStudioVersion = 10.0.40219.1
Project("{2150E333-8FDC-42A3-9474-1A3956D46DE8}") = "Graph", "Graph", "{69382445-1694-AC8E-F8A2-7D54FABAE5D6}"
EndProject
Project("{2150E333-8FDC-42A3-9474-1A3956D46DE8}") = "src", "src", "{833BA73F-6344-C6E8-4A8F-04970F0AD86A}"
EndProject
Project("{FAE04EC0-301F-11D3-BF4B-00C04F79EFBC}") = "Cyclotron.Graph.Core", "Graph\src\Cyclotron.Graph.Core\Cyclotron.Graph.Core.csproj", "{9D8379D0-8A2F-49F5-81E8-493509455501}"
EndProject
Project("{FAE04EC0-301F-11D3-BF4B-00C04F79EFBC}") = "Cyclotron.Graph.Mail", "Graph\src\Cyclotron.Graph.Mail\Cyclotron.Graph.Mail.csproj", "{36245BF6-851E-4DC2-AFD9-59AB0E2ED442}"
EndProject
Project("{2150E333-8FDC-42A3-9474-1A3956D46DE8}") = "tests", "tests", "{7D053DA2-3AF2-92B5-B9CE-351ECFD13A2F}"
EndProject
Project("{FAE04EC0-301F-11D3-BF4B-00C04F79EFBC}") = "Cyclotron.Graph.Core.Tests", "Graph\tests\Cyclotron.Graph.Core.Tests\Cyclotron.Graph.Core.Tests.csproj", "{29183D7E-53FF-45EC-988E-B8785FFB3251}"
EndProject
Project("{FAE04EC0-301F-11D3-BF4B-00C04F79EFBC}") = "Cyclotron.Graph.Mail.Tests", "Graph\tests\Cyclotron.Graph.Mail.Tests\Cyclotron.Graph.Mail.Tests.csproj", "{9947CB56-42DE-46AC-B1B4-A306A6920E48}"
EndProject
Project("{2150E333-8FDC-42A3-9474-1A3956D46DE8}") = "samples", "samples", "{4E6E94C5-78DF-B1CD-24F1-969F142D047C}"
EndProject
Project("{FAE04EC0-301F-11D3-BF4B-00C04F79EFBC}") = "Cyclotron.Graph.Sample", "Graph\samples\Cyclotron.Graph.Sample\Cyclotron.Graph.Sample.csproj", "{83EA9714-F4E0-43DB-A617-8F0C29E5E502}"
EndProject
Global
	GlobalSection(SolutionConfigurationPlatforms) = preSolution
		Debug|Any CPU = Debug|Any CPU
		Debug|x64 = Debug|x64
		Debug|x86 = Debug|x86
		Release|Any CPU = Release|Any CPU
		Release|x64 = Release|x64
		Release|x86 = Release|x86
	EndGlobalSection
	GlobalSection(ProjectConfigurationPlatforms) = postSolution
		{9D8379D0-8A2F-49F5-81E8-493509455501}.Debug|Any CPU.ActiveCfg = Debug|Any CPU
		{9D8379D0-8A2F-49F5-81E8-493509455501}.Debug|Any CPU.Build.0 = Debug|Any CPU
		{9D8379D0-8A2F-49F5-81E8-493509455501}.Debug|x64.ActiveCfg = Debug|Any CPU
		{9D8379D0-8A2F-49F5-81E8-493509455501}.Debug|x64.Build.0 = Debug|Any CPU
		{9D8379D0-8A2F-49F5-81E8-493509455501}.Debug|x86.ActiveCfg = Debug|Any CPU
		{9D8379D0-8A2F-49F5-81E8-493509455501}.Debug|x86.Build.0 = Debug|Any CPU
		{9D8379D0-8A2F-49F5-81E8-493509455501}.Release|Any CPU.ActiveCfg = Release|Any CPU
		{9D8379D0-8A2F-49F5-81E8-493509455501}.Release|Any CPU.Build.0 = Release|Any CPU
		{9D8379D0-8A2F-49F5-81E8-493509455501}.Release|x64.ActiveCfg = Release|Any CPU
		{9D8379D0-8A2F-49F5-81E8-493509455501}.Release|x64.Build.0 = Release|Any CPU
		{9D8379D0-8A2F-49F5-81E8-493509455501}.Release|x86.ActiveCfg = Release|Any CPU
		{9D8379D0-8A2F-49F5-81E8-493509455501}.Release|x86.Build.0 = Release|Any CPU
		{36245BF6-851E-4DC2-AFD9-59AB0E2ED442}.Debug|Any CPU.ActiveCfg = Debug|Any CPU
		{36245BF6-851E-4DC2-AFD9-59AB0E2ED442}.Debug|Any CPU.Build.0 = Debug|Any CPU
		{36245BF6-851E-4DC2-AFD9-59AB0E2ED442}.Debug|x64.ActiveCfg = Debug|Any CPU
		{36245BF6-851E-4DC2-AFD9-59AB0E2ED442}.Debug|x64.Build.0 = Debug|Any CPU
		{36245BF6-851E-4DC2-AFD9-59AB0E2ED442}.Debug|x86.ActiveCfg = Debug|Any CPU
		{36245BF6-851E-4DC2-AFD9-59AB0E2ED442}.Debug|x86.Build.0 = Debug|Any CPU
		{36245BF6-851E-4DC2-AFD9-59AB0E2ED442}.Release|Any CPU.ActiveCfg = Release|Any CPU
		{36245BF6-851E-4DC2-AFD9-59AB0E2ED442}.Release|Any CPU.Build.0 = Release|Any CPU
		{36245BF6-851E-4DC2-AFD9-59AB0E2ED442}.Release|x64.ActiveCfg = Release|Any CPU
		{36245BF6-851E-4DC2-AFD9-59AB0E2ED442}.Release|x64.Build.0 = Release|Any CPU
		{36245BF6-851E-4DC2-AFD9-59AB0E2ED442}.Release|x86.ActiveCfg = Release|Any CPU
		{36245BF6-851E-4DC2-AFD9-59AB0E2ED442}.Release|x86.Build.0 = Release|Any CPU
		{29183D7E-53FF-45EC-988E-B8785FFB3251}.Debug|Any CPU.ActiveCfg = Debug|Any CPU
		{29183D7E-53FF-45EC-988E-B8785FFB3251}.Debug|Any CPU.Build.0 = Debug|Any CPU
		{29183D7E-53FF-45EC-988E-B8785FFB3251}.Debug|x64.ActiveCfg = Debug|Any CPU
		{29183D7E-53FF-45EC-988E-B8785FFB3251}.Debug|x64.Build.0 = Debug|Any CPU
		{29183D7E-53FF-45EC-988E-B8785FFB3251}.Debug|x86.ActiveCfg = Debug|Any CPU
		{29183D7E-53FF-45EC-988E-B8785FFB3251}.Debug|x86.Build.0 = Debug|Any CPU
		{29183D7E-53FF-45EC-988E-B8785FFB3251}.Release|Any CPU.ActiveCfg = Release|Any CPU
		{29183D7E-53FF-45EC-988E-B8785FFB3251}.Release|Any CPU.Build.0 = Release|Any CPU
		{29183D7E-53FF-45EC-988E-B8785FFB3251}.Release|x64.ActiveCfg = Release|Any CPU
		{29183D7E-53FF-45EC-988E-B8785FFB3251}.Release|x64.Build.0 = Release|Any CPU
		{29183D7E-53FF-45EC-988E-B8785FFB3251}.Release|x86.ActiveCfg = Release|Any CPU
		{29183D7E-53FF-45EC-988E-B8785FFB3251}.Release|x86.Build.0 = Release|Any CPU
		{9947CB56-42DE-46AC-B1B4-A306A6920E48}.Debug|Any CPU.ActiveCfg = Debug|Any CPU
		{9947CB56-42DE-46AC-B1B4-A306A6920E48}.Debug|Any CPU.Build.0 = Debug|Any CPU
		{9947CB56-42DE-46AC-B1B4-A306A6920E48}.Debug|x64.ActiveCfg = Debug|Any CPU
		{9947CB56-42DE-46AC-B1B4-A306A6920E48}.Debug|x64.Build.0 = Debug|Any CPU
		{9947CB56-42DE-46AC-B1B4-A306A6920E48}.Debug|x86.ActiveCfg = Debug|Any CPU
		{9947CB56-42DE-46AC-B1B4-A306A6920E48}.Debug|x86.Build.0 = Debug|Any CPU
		{9947CB56-42DE-46AC-B1B4-A306A6920E48}.Release|Any CPU.ActiveCfg = Release|Any CPU
		{9947CB56-42DE-46AC-B1B4-A306A6920E48}.Release|Any CPU.Build.0 = Release|Any CPU
		{9947CB56-42DE-46AC-B1B4-A306A6920E48}.Release|x64.ActiveCfg = Release|Any CPU
		{9947CB56-42DE-46AC-B1B4-A306A6920E48}.Release|x64.Build.0 = Release|Any CPU
		{9947CB56-42DE-46AC-B1B4-A306A6920E48}.Release|x86.ActiveCfg = Release|Any CPU
		{9947CB56-42DE-46AC-B1B4-A306A6920E48}.Release|x86.Build.0 = Release|Any CPU
		{83EA9714-F4E0-43DB-A617-8F0C29E5E502}.Debug|Any CPU.ActiveCfg = Debug|Any CPU
		{83EA9714-F4E0-43DB-A617-8F0C29E5E502}.Debug|Any CPU.Build.0 = Debug|Any CPU
		{83EA9714-F4E0-43DB-A617-8F0C29E5E502}.Debug|x64.ActiveCfg = Debug|Any CPU
		{83EA9714-F4E0-43DB-A617-8F0C29E5E502}.Debug|x64.Build.0 = Debug|Any CPU
		{83EA9714-F4E0-43DB-A617-8F0C29E5E502}.Debug|x86.ActiveCfg = Debug|Any CPU
		{83EA9714-F4E0-43DB-A617-8F0C29E5E502}.Debug|x86.Build.0 = Debug|Any CPU
		{83EA9714-F4E0-43DB-A617-8F0C29E5E502}.Release|Any CPU.ActiveCfg = Release|Any CPU
		{83EA9714-F4E0-43DB-A617-8F0C29E5E502}.Release|Any CPU.Build.0 = Release|Any CPU
		{83EA9714-F4E0-43DB-A617-8F0C29E5E502}.Release|x64.ActiveCfg = Release|Any CPU
		{83EA9714-F4E0-43DB-A617-8F0C29E5E502}.Release|x64.Build.0 = Release|Any CPU
		{83EA9714-F4E0-43DB-A617-8F0C29E5E502}.Release|x86.ActiveCfg = Release|Any CPU
		{83EA9714-F4E0-43DB-A617-8F0C29E5E502}.Release|x86.Build.0 = Release|Any CPU
	EndGlobalSection
	GlobalSection(SolutionProperties) = preSolution
		HideSolutionNode = FALSE
	EndGlobalSection
	GlobalSection(NestedProjects) = preSolution
		{833BA73F-6344-C6E8-4A8F-04970F0AD86A} = {69382445-1694-AC8E-F8A2-7D54FABAE5D6}
		{9D8379D0-8A2F-49F5-81E8-493509455501} = {833BA73F-6344-C6E8-4A8F-04970F0AD86A}
		{36245BF6-851E-4DC2-AFD9-59AB0E2ED442} = {833BA73F-6344-C6E8-4A8F-04970F0AD86A}
		{7D053DA2-3AF2-92B5-B9CE-351ECFD13A2F} = {69382445-1694-AC8E-F8A2-7D54FABAE5D6}
		{29183D7E-53FF-45EC-988E-B8785FFB3251} = {7D053DA2-3AF2-92B5-B9CE-351ECFD13A2F}
		{9947CB56-42DE-46AC-B1B4-A306A6920E48} = {7D053DA2-3AF2-92B5-B9CE-351ECFD13A2F}
		{4E6E94C5-78DF-B1CD-24F1-969F142D047C} = {69382445-1694-AC8E-F8A2-7D54FABAE5D6}
		{83EA9714-F4E0-43DB-A617-8F0C29E5E502} = {4E6E94C5-78DF-B1CD-24F1-969F142D047C}
	EndGlobalSection
EndGlobal
